// !$*UTF8*$!
{
	archiveVersion = 1;
	classes = {
	};
	objectVersion = 56;
	objects = {

/* Begin PBXBuildFile section */
		30A3920C2999F56E00D0004D /* LandmarksApp.swift in Sources */ = {isa = PBXBuildFile; fileRef = 30A3920B2999F56E00D0004D /* LandmarksApp.swift */; };
		30A3920E2999F56E00D0004D /* ContentView.swift in Sources */ = {isa = PBXBuildFile; fileRef = 30A3920D2999F56E00D0004D /* ContentView.swift */; };
		30A392102999F57000D0004D /* Assets.xcassets in Resources */ = {isa = PBXBuildFile; fileRef = 30A3920F2999F57000D0004D /* Assets.xcassets */; };
		30A392132999F57000D0004D /* Preview Assets.xcassets in Resources */ = {isa = PBXBuildFile; fileRef = 30A392122999F57000D0004D /* Preview Assets.xcassets */; };
		30A3921A2999FAC400D0004D /* CircleImage.swift in Sources */ = {isa = PBXBuildFile; fileRef = 30A392192999FAC400D0004D /* CircleImage.swift */; };
		30A3921C2999FB5D00D0004D /* MapView.swift in Sources */ = {isa = PBXBuildFile; fileRef = 30A3921B2999FB5D00D0004D /* MapView.swift */; };
		30A3921E299A009C00D0004D /* landmarkData.json in Resources */ = {isa = PBXBuildFile; fileRef = 30A3921D299A009C00D0004D /* landmarkData.json */; };
		30A39220299A00A400D0004D /* Landmark.swift in Sources */ = {isa = PBXBuildFile; fileRef = 30A3921F299A00A400D0004D /* Landmark.swift */; };
		30A39222299A020600D0004D /* ModelData.swift in Sources */ = {isa = PBXBuildFile; fileRef = 30A39221299A020600D0004D /* ModelData.swift */; };
		30A39229299A03B200D0004D /* LandmarkRow.swift in Sources */ = {isa = PBXBuildFile; fileRef = 30A39228299A03B200D0004D /* LandmarkRow.swift */; };
		30A3922B299A067A00D0004D /* LandmarkList.swift in Sources */ = {isa = PBXBuildFile; fileRef = 30A3922A299A067A00D0004D /* LandmarkList.swift */; };
		30A3922D299A075D00D0004D /* LandmarkDetail.swift in Sources */ = {isa = PBXBuildFile; fileRef = 30A3922C299A075D00D0004D /* LandmarkDetail.swift */; };
		30A3922F299A53FF00D0004D /* FavoriteButton.swift in Sources */ = {isa = PBXBuildFile; fileRef = 30A3922E299A53FF00D0004D /* FavoriteButton.swift */; };
		581266DF29EDDB6700933AAF /* Profile.swift in Sources */ = {isa = PBXBuildFile; fileRef = 581266DE29EDDB6700933AAF /* Profile.swift */; };
		581266E429EDDC2400933AAF /* ProfileHost.swift in Sources */ = {isa = PBXBuildFile; fileRef = 581266E329EDDC2400933AAF /* ProfileHost.swift */; };
		581266E629EDDC9F00933AAF /* ProfileSummary.swift in Sources */ = {isa = PBXBuildFile; fileRef = 581266E529EDDC9F00933AAF /* ProfileSummary.swift */; };
		5845137929E9C85F005ABD28 /* BadgeSymbol.swift in Sources */ = {isa = PBXBuildFile; fileRef = 5845137829E9C85F005ABD28 /* BadgeSymbol.swift */; };
		5845137B29E9CE72005ABD28 /* RotatedBadgeSymbol.swift in Sources */ = {isa = PBXBuildFile; fileRef = 5845137A29E9CE72005ABD28 /* RotatedBadgeSymbol.swift */; };
		5845137D29E9D0B8005ABD28 /* Badge.swift in Sources */ = {isa = PBXBuildFile; fileRef = 5845137C29E9D0B8005ABD28 /* Badge.swift */; };
		5862296529EDB7F900EBB862 /* CategoryHome.swift in Sources */ = {isa = PBXBuildFile; fileRef = 5862296429EDB7F900EBB862 /* CategoryHome.swift */; };
		5862296829EDB99900EBB862 /* CategoryRow.swift in Sources */ = {isa = PBXBuildFile; fileRef = 5862296729EDB99900EBB862 /* CategoryRow.swift */; };
		5862296A29EDBB1500EBB862 /* CategoryItem.swift in Sources */ = {isa = PBXBuildFile; fileRef = 5862296929EDBB1500EBB862 /* CategoryItem.swift */; };
		589ABCAD29EECFC900899E39 /* HikeBadge.swift in Sources */ = {isa = PBXBuildFile; fileRef = 589ABCAC29EECFC900899E39 /* HikeBadge.swift */; };
		589ABCAF29EED8FA00899E39 /* ProfileEditor.swift in Sources */ = {isa = PBXBuildFile; fileRef = 589ABCAE29EED8FA00899E39 /* ProfileEditor.swift */; };
		589ABCB229EF08F800899E39 /* PageViewController.swift in Sources */ = {isa = PBXBuildFile; fileRef = 589ABCB129EF08F800899E39 /* PageViewController.swift */; };
		589ABCB429EF0A6C00899E39 /* FeatureCard.swift in Sources */ = {isa = PBXBuildFile; fileRef = 589ABCB329EF0A6C00899E39 /* FeatureCard.swift */; };
		589ABCB629EF0D0900899E39 /* PageView.swift in Sources */ = {isa = PBXBuildFile; fileRef = 589ABCB529EF0D0900899E39 /* PageView.swift */; };
		589ABCB829EF1BF500899E39 /* PageControl.swift in Sources */ = {isa = PBXBuildFile; fileRef = 589ABCB729EF1BF500899E39 /* PageControl.swift */; };
		58CB8DD729ED81780004E6A9 /* GraphCapsule.swift in Sources */ = {isa = PBXBuildFile; fileRef = 58CB8DD329ED81780004E6A9 /* GraphCapsule.swift */; };
		58CB8DD829ED81780004E6A9 /* HikeGraph.swift in Sources */ = {isa = PBXBuildFile; fileRef = 58CB8DD429ED81780004E6A9 /* HikeGraph.swift */; };
		58CB8DD929ED81780004E6A9 /* HikeDetail.swift in Sources */ = {isa = PBXBuildFile; fileRef = 58CB8DD529ED81780004E6A9 /* HikeDetail.swift */; };
		58CB8DDA29ED81780004E6A9 /* HikeView.swift in Sources */ = {isa = PBXBuildFile; fileRef = 58CB8DD629ED81780004E6A9 /* HikeView.swift */; };
		58CB8DDC29ED83DE0004E6A9 /* hikeData.json in Resources */ = {isa = PBXBuildFile; fileRef = 58CB8DDB29ED83DE0004E6A9 /* hikeData.json */; };
		58DF296429E98EBC009276DB /* HexagonParameters.swift in Sources */ = {isa = PBXBuildFile; fileRef = 58DF296329E98EBC009276DB /* HexagonParameters.swift */; };
		58DF296829E99087009276DB /* BadgeBackground.swift in Sources */ = {isa = PBXBuildFile; fileRef = 58DF296729E99087009276DB /* BadgeBackground.swift */; };
		58F1A4D329ED80B500AFE043 /* Hike.swift in Sources */ = {isa = PBXBuildFile; fileRef = 58F1A4D229ED80B500AFE043 /* Hike.swift */; };
/* End PBXBuildFile section */

/* Begin PBXFileReference section */
		30A392082999F56E00D0004D /* Landmarks.app */ = {isa = PBXFileReference; explicitFileType = wrapper.application; includeInIndex = 0; path = Landmarks.app; sourceTree = BUILT_PRODUCTS_DIR; };
		30A3920B2999F56E00D0004D /* LandmarksApp.swift */ = {isa = PBXFileReference; lastKnownFileType = sourcecode.swift; path = LandmarksApp.swift; sourceTree = "<group>"; };
		30A3920D2999F56E00D0004D /* ContentView.swift */ = {isa = PBXFileReference; lastKnownFileType = sourcecode.swift; path = ContentView.swift; sourceTree = "<group>"; };
		30A3920F2999F57000D0004D /* Assets.xcassets */ = {isa = PBXFileReference; lastKnownFileType = folder.assetcatalog; path = Assets.xcassets; sourceTree = "<group>"; };
		30A392122999F57000D0004D /* Preview Assets.xcassets */ = {isa = PBXFileReference; lastKnownFileType = folder.assetcatalog; path = "Preview Assets.xcassets"; sourceTree = "<group>"; };
		30A392192999FAC400D0004D /* CircleImage.swift */ = {isa = PBXFileReference; lastKnownFileType = sourcecode.swift; path = CircleImage.swift; sourceTree = "<group>"; };
		30A3921B2999FB5D00D0004D /* MapView.swift */ = {isa = PBXFileReference; lastKnownFileType = sourcecode.swift; path = MapView.swift; sourceTree = "<group>"; };
		30A3921D299A009C00D0004D /* landmarkData.json */ = {isa = PBXFileReference; fileEncoding = 4; lastKnownFileType = text.json; path = landmarkData.json; sourceTree = "<group>"; };
		30A3921F299A00A400D0004D /* Landmark.swift */ = {isa = PBXFileReference; lastKnownFileType = sourcecode.swift; path = Landmark.swift; sourceTree = "<group>"; };
		30A39221299A020600D0004D /* ModelData.swift */ = {isa = PBXFileReference; lastKnownFileType = sourcecode.swift; path = ModelData.swift; sourceTree = "<group>"; };
		30A39228299A03B200D0004D /* LandmarkRow.swift */ = {isa = PBXFileReference; lastKnownFileType = sourcecode.swift; path = LandmarkRow.swift; sourceTree = "<group>"; };
		30A3922A299A067A00D0004D /* LandmarkList.swift */ = {isa = PBXFileReference; lastKnownFileType = sourcecode.swift; path = LandmarkList.swift; sourceTree = "<group>"; };
		30A3922C299A075D00D0004D /* LandmarkDetail.swift */ = {isa = PBXFileReference; lastKnownFileType = sourcecode.swift; path = LandmarkDetail.swift; sourceTree = "<group>"; };
		30A3922E299A53FF00D0004D /* FavoriteButton.swift */ = {isa = PBXFileReference; lastKnownFileType = sourcecode.swift; path = FavoriteButton.swift; sourceTree = "<group>"; };
		581266DE29EDDB6700933AAF /* Profile.swift */ = {isa = PBXFileReference; lastKnownFileType = sourcecode.swift; path = Profile.swift; sourceTree = "<group>"; };
		581266E329EDDC2400933AAF /* ProfileHost.swift */ = {isa = PBXFileReference; lastKnownFileType = sourcecode.swift; path = ProfileHost.swift; sourceTree = "<group>"; };
		581266E529EDDC9F00933AAF /* ProfileSummary.swift */ = {isa = PBXFileReference; lastKnownFileType = sourcecode.swift; path = ProfileSummary.swift; sourceTree = "<group>"; };
		5845137829E9C85F005ABD28 /* BadgeSymbol.swift */ = {isa = PBXFileReference; lastKnownFileType = sourcecode.swift; path = BadgeSymbol.swift; sourceTree = "<group>"; };
		5845137A29E9CE72005ABD28 /* RotatedBadgeSymbol.swift */ = {isa = PBXFileReference; lastKnownFileType = sourcecode.swift; path = RotatedBadgeSymbol.swift; sourceTree = "<group>"; };
		5845137C29E9D0B8005ABD28 /* Badge.swift */ = {isa = PBXFileReference; lastKnownFileType = sourcecode.swift; path = Badge.swift; sourceTree = "<group>"; };
		5862296429EDB7F900EBB862 /* CategoryHome.swift */ = {isa = PBXFileReference; lastKnownFileType = sourcecode.swift; path = CategoryHome.swift; sourceTree = "<group>"; };
		5862296729EDB99900EBB862 /* CategoryRow.swift */ = {isa = PBXFileReference; lastKnownFileType = sourcecode.swift; path = CategoryRow.swift; sourceTree = "<group>"; };
		5862296929EDBB1500EBB862 /* CategoryItem.swift */ = {isa = PBXFileReference; lastKnownFileType = sourcecode.swift; path = CategoryItem.swift; sourceTree = "<group>"; };
		589ABCAC29EECFC900899E39 /* HikeBadge.swift */ = {isa = PBXFileReference; lastKnownFileType = sourcecode.swift; path = HikeBadge.swift; sourceTree = "<group>"; };
		589ABCAE29EED8FA00899E39 /* ProfileEditor.swift */ = {isa = PBXFileReference; lastKnownFileType = sourcecode.swift; path = ProfileEditor.swift; sourceTree = "<group>"; };
		589ABCB129EF08F800899E39 /* PageViewController.swift */ = {isa = PBXFileReference; lastKnownFileType = sourcecode.swift; path = PageViewController.swift; sourceTree = "<group>"; };
		589ABCB329EF0A6C00899E39 /* FeatureCard.swift */ = {isa = PBXFileReference; lastKnownFileType = sourcecode.swift; path = FeatureCard.swift; sourceTree = "<group>"; };
		589ABCB529EF0D0900899E39 /* PageView.swift */ = {isa = PBXFileReference; lastKnownFileType = sourcecode.swift; path = PageView.swift; sourceTree = "<group>"; };
		589ABCB729EF1BF500899E39 /* PageControl.swift */ = {isa = PBXFileReference; lastKnownFileType = sourcecode.swift; path = PageControl.swift; sourceTree = "<group>"; };
		58CB8DD329ED81780004E6A9 /* GraphCapsule.swift */ = {isa = PBXFileReference; fileEncoding = 4; lastKnownFileType = sourcecode.swift; path = GraphCapsule.swift; sourceTree = "<group>"; };
		58CB8DD429ED81780004E6A9 /* HikeGraph.swift */ = {isa = PBXFileReference; fileEncoding = 4; lastKnownFileType = sourcecode.swift; path = HikeGraph.swift; sourceTree = "<group>"; };
		58CB8DD529ED81780004E6A9 /* HikeDetail.swift */ = {isa = PBXFileReference; fileEncoding = 4; lastKnownFileType = sourcecode.swift; path = HikeDetail.swift; sourceTree = "<group>"; };
		58CB8DD629ED81780004E6A9 /* HikeView.swift */ = {isa = PBXFileReference; fileEncoding = 4; lastKnownFileType = sourcecode.swift; path = HikeView.swift; sourceTree = "<group>"; };
		58CB8DDB29ED83DE0004E6A9 /* hikeData.json */ = {isa = PBXFileReference; fileEncoding = 4; lastKnownFileType = text.json; path = hikeData.json; sourceTree = "<group>"; };
		58DF296329E98EBC009276DB /* HexagonParameters.swift */ = {isa = PBXFileReference; lastKnownFileType = sourcecode.swift; path = HexagonParameters.swift; sourceTree = "<group>"; };
		58DF296729E99087009276DB /* BadgeBackground.swift */ = {isa = PBXFileReference; lastKnownFileType = sourcecode.swift; path = BadgeBackground.swift; sourceTree = "<group>"; };
		58F1A4D229ED80B500AFE043 /* Hike.swift */ = {isa = PBXFileReference; lastKnownFileType = sourcecode.swift; path = Hike.swift; sourceTree = "<group>"; };
/* End PBXFileReference section */

/* Begin PBXFrameworksBuildPhase section */
		30A392052999F56E00D0004D /* Frameworks */ = {
			isa = PBXFrameworksBuildPhase;
			buildActionMask = 2147483647;
			files = (
			);
			runOnlyForDeploymentPostprocessing = 0;
		};
/* End PBXFrameworksBuildPhase section */

/* Begin PBXGroup section */
		30A391FF2999F56E00D0004D = {
			isa = PBXGroup;
			children = (
				30A3920A2999F56E00D0004D /* Landmarks */,
				30A392092999F56E00D0004D /* Products */,
			);
			sourceTree = "<group>";
		};
		30A392092999F56E00D0004D /* Products */ = {
			isa = PBXGroup;
			children = (
				30A392082999F56E00D0004D /* Landmarks.app */,
			);
			name = Products;
			sourceTree = "<group>";
		};
		30A3920A2999F56E00D0004D /* Landmarks */ = {
			isa = PBXGroup;
			children = (
				30A3920B2999F56E00D0004D /* LandmarksApp.swift */,
				30A39225299A034200D0004D /* Resources */,
				30A39224299A033400D0004D /* Model */,
				30A39223299A031800D0004D /* Views */,
				30A3920F2999F57000D0004D /* Assets.xcassets */,
				30A392112999F57000D0004D /* Preview Content */,
			);
			path = Landmarks;
			sourceTree = "<group>";
		};
		30A392112999F57000D0004D /* Preview Content */ = {
			isa = PBXGroup;
			children = (
				30A392122999F57000D0004D /* Preview Assets.xcassets */,
			);
			path = "Preview Content";
			sourceTree = "<group>";
		};
		30A39223299A031800D0004D /* Views */ = {
			isa = PBXGroup;
			children = (
				589ABCB029EF08E400899E39 /* PageView */,
				58CB8DD229ED81780004E6A9 /* Hikes */,
				581266E129EDDC0B00933AAF /* Profiles */,
				5845137E29E9D556005ABD28 /* Badges */,
				30A3920D2999F56E00D0004D /* ContentView.swift */,
				30A39231299A56B800D0004D /* Helpers */,
				30A39230299A56AA00D0004D /* Landmarks */,
				5862296629EDB7FB00EBB862 /* Categories */,
			);
			path = Views;
			sourceTree = "<group>";
		};
		30A39224299A033400D0004D /* Model */ = {
			isa = PBXGroup;
			children = (
				30A3921F299A00A400D0004D /* Landmark.swift */,
				30A39221299A020600D0004D /* ModelData.swift */,
				58F1A4D229ED80B500AFE043 /* Hike.swift */,
				581266DE29EDDB6700933AAF /* Profile.swift */,
			);
			path = Model;
			sourceTree = "<group>";
		};
		30A39225299A034200D0004D /* Resources */ = {
			isa = PBXGroup;
			children = (
				30A3921D299A009C00D0004D /* landmarkData.json */,
				58CB8DDB29ED83DE0004E6A9 /* hikeData.json */,
			);
			path = Resources;
			sourceTree = "<group>";
		};
		30A39230299A56AA00D0004D /* Landmarks */ = {
			isa = PBXGroup;
			children = (
				30A39228299A03B200D0004D /* LandmarkRow.swift */,
				30A3922A299A067A00D0004D /* LandmarkList.swift */,
				30A3922C299A075D00D0004D /* LandmarkDetail.swift */,
			);
			path = Landmarks;
			sourceTree = "<group>";
		};
		30A39231299A56B800D0004D /* Helpers */ = {
			isa = PBXGroup;
			children = (
				30A3921B2999FB5D00D0004D /* MapView.swift */,
				30A392192999FAC400D0004D /* CircleImage.swift */,
				30A3922E299A53FF00D0004D /* FavoriteButton.swift */,
			);
			path = Helpers;
			sourceTree = "<group>";
		};
		581266E129EDDC0B00933AAF /* Profiles */ = {
			isa = PBXGroup;
			children = (
				581266E329EDDC2400933AAF /* ProfileHost.swift */,
				581266E529EDDC9F00933AAF /* ProfileSummary.swift */,
				589ABCAE29EED8FA00899E39 /* ProfileEditor.swift */,
			);
			path = Profiles;
			sourceTree = "<group>";
		};
		5845137E29E9D556005ABD28 /* Badges */ = {
			isa = PBXGroup;
			children = (
				5845137A29E9CE72005ABD28 /* RotatedBadgeSymbol.swift */,
				58DF296329E98EBC009276DB /* HexagonParameters.swift */,
				58DF296729E99087009276DB /* BadgeBackground.swift */,
				5845137829E9C85F005ABD28 /* BadgeSymbol.swift */,
				5845137C29E9D0B8005ABD28 /* Badge.swift */,
			);
			path = Badges;
			sourceTree = "<group>";
		};
		5862296629EDB7FB00EBB862 /* Categories */ = {
			isa = PBXGroup;
			children = (
				5862296429EDB7F900EBB862 /* CategoryHome.swift */,
				5862296729EDB99900EBB862 /* CategoryRow.swift */,
				5862296929EDBB1500EBB862 /* CategoryItem.swift */,
			);
			path = Categories;
			sourceTree = "<group>";
		};
		589ABCB029EF08E400899E39 /* PageView */ = {
			isa = PBXGroup;
			children = (
				589ABCB129EF08F800899E39 /* PageViewController.swift */,
				589ABCB329EF0A6C00899E39 /* FeatureCard.swift */,
				589ABCB529EF0D0900899E39 /* PageView.swift */,
				589ABCB729EF1BF500899E39 /* PageControl.swift */,
			);
			path = PageView;
			sourceTree = "<group>";
		};
		58CB8DD229ED81780004E6A9 /* Hikes */ = {
			isa = PBXGroup;
			children = (
				58CB8DD329ED81780004E6A9 /* GraphCapsule.swift */,
				58CB8DD429ED81780004E6A9 /* HikeGraph.swift */,
				58CB8DD529ED81780004E6A9 /* HikeDetail.swift */,
				58CB8DD629ED81780004E6A9 /* HikeView.swift */,
				589ABCAC29EECFC900899E39 /* HikeBadge.swift */,
			);
			path = Hikes;
			sourceTree = "<group>";
		};
/* End PBXGroup section */

/* Begin PBXNativeTarget section */
		30A392072999F56E00D0004D /* Landmarks */ = {
			isa = PBXNativeTarget;
			buildConfigurationList = 30A392162999F57000D0004D /* Build configuration list for PBXNativeTarget "Landmarks" */;
			buildPhases = (
				30A392042999F56E00D0004D /* Sources */,
				30A392052999F56E00D0004D /* Frameworks */,
				30A392062999F56E00D0004D /* Resources */,
			);
			buildRules = (
			);
			dependencies = (
			);
			name = Landmarks;
			productName = Landmarks;
			productReference = 30A392082999F56E00D0004D /* Landmarks.app */;
			productType = "com.apple.product-type.application";
		};
/* End PBXNativeTarget section */

/* Begin PBXProject section */
		30A392002999F56E00D0004D /* Project object */ = {
			isa = PBXProject;
			attributes = {
				BuildIndependentTargetsInParallel = 1;
				LastSwiftUpdateCheck = 1420;
				LastUpgradeCheck = 1420;
				TargetAttributes = {
					30A392072999F56E00D0004D = {
						CreatedOnToolsVersion = 14.2;
					};
				};
			};
			buildConfigurationList = 30A392032999F56E00D0004D /* Build configuration list for PBXProject "Landmarks" */;
			compatibilityVersion = "Xcode 14.0";
			developmentRegion = en;
			hasScannedForEncodings = 0;
			knownRegions = (
				en,
				Base,
			);
			mainGroup = 30A391FF2999F56E00D0004D;
			productRefGroup = 30A392092999F56E00D0004D /* Products */;
			projectDirPath = "";
			projectRoot = "";
			targets = (
				30A392072999F56E00D0004D /* Landmarks */,
			);
		};
/* End PBXProject section */

/* Begin PBXResourcesBuildPhase section */
		30A392062999F56E00D0004D /* Resources */ = {
			isa = PBXResourcesBuildPhase;
			buildActionMask = 2147483647;
			files = (
				58CB8DDC29ED83DE0004E6A9 /* hikeData.json in Resources */,
				30A392132999F57000D0004D /* Preview Assets.xcassets in Resources */,
				30A392102999F57000D0004D /* Assets.xcassets in Resources */,
				30A3921E299A009C00D0004D /* landmarkData.json in Resources */,
			);
			runOnlyForDeploymentPostprocessing = 0;
		};
/* End PBXResourcesBuildPhase section */

/* Begin PBXSourcesBuildPhase section */
		30A392042999F56E00D0004D /* Sources */ = {
			isa = PBXSourcesBuildPhase;
			buildActionMask = 2147483647;
			files = (
				5862296829EDB99900EBB862 /* CategoryRow.swift in Sources */,
				581266DF29EDDB6700933AAF /* Profile.swift in Sources */,
				30A3920E2999F56E00D0004D /* ContentView.swift in Sources */,
				589ABCB629EF0D0900899E39 /* PageView.swift in Sources */,
				5862296529EDB7F900EBB862 /* CategoryHome.swift in Sources */,
				589ABCB429EF0A6C00899E39 /* FeatureCard.swift in Sources */,
				58CB8DD829ED81780004E6A9 /* HikeGraph.swift in Sources */,
				5845137D29E9D0B8005ABD28 /* Badge.swift in Sources */,
				30A3921C2999FB5D00D0004D /* MapView.swift in Sources */,
				58CB8DD729ED81780004E6A9 /* GraphCapsule.swift in Sources */,
				30A3920C2999F56E00D0004D /* LandmarksApp.swift in Sources */,
				589ABCB829EF1BF500899E39 /* PageControl.swift in Sources */,
				30A3922F299A53FF00D0004D /* FavoriteButton.swift in Sources */,
				5862296A29EDBB1500EBB862 /* CategoryItem.swift in Sources */,
				58CB8DD929ED81780004E6A9 /* HikeDetail.swift in Sources */,
				581266E629EDDC9F00933AAF /* ProfileSummary.swift in Sources */,
				58DF296429E98EBC009276DB /* HexagonParameters.swift in Sources */,
				581266E429EDDC2400933AAF /* ProfileHost.swift in Sources */,
				58F1A4D329ED80B500AFE043 /* Hike.swift in Sources */,
				5845137B29E9CE72005ABD28 /* RotatedBadgeSymbol.swift in Sources */,
				5845137929E9C85F005ABD28 /* BadgeSymbol.swift in Sources */,
				589ABCAF29EED8FA00899E39 /* ProfileEditor.swift in Sources */,
				30A3922B299A067A00D0004D /* LandmarkList.swift in Sources */,
				58CB8DDA29ED81780004E6A9 /* HikeView.swift in Sources */,
				30A3922D299A075D00D0004D /* LandmarkDetail.swift in Sources */,
				589ABCB229EF08F800899E39 /* PageViewController.swift in Sources */,
				58DF296829E99087009276DB /* BadgeBackground.swift in Sources */,
				589ABCAD29EECFC900899E39 /* HikeBadge.swift in Sources */,
				30A3921A2999FAC400D0004D /* CircleImage.swift in Sources */,
				30A39220299A00A400D0004D /* Landmark.swift in Sources */,
				30A39229299A03B200D0004D /* LandmarkRow.swift in Sources */,
				30A39222299A020600D0004D /* ModelData.swift in Sources */,
			);
			runOnlyForDeploymentPostprocessing = 0;
		};
/* End PBXSourcesBuildPhase section */

/* Begin XCBuildConfiguration section */
		30A392142999F57000D0004D /* Debug */ = {
			isa = XCBuildConfiguration;
			buildSettings = {
				ALWAYS_SEARCH_USER_PATHS = NO;
				CLANG_ANALYZER_NONNULL = YES;
				CLANG_ANALYZER_NUMBER_OBJECT_CONVERSION = YES_AGGRESSIVE;
				CLANG_CXX_LANGUAGE_STANDARD = "gnu++20";
				CLANG_ENABLE_MODULES = YES;
				CLANG_ENABLE_OBJC_ARC = YES;
				CLANG_ENABLE_OBJC_WEAK = YES;
				CLANG_WARN_BLOCK_CAPTURE_AUTORELEASING = YES;
				CLANG_WARN_BOOL_CONVERSION = YES;
				CLANG_WARN_COMMA = YES;
				CLANG_WARN_CONSTANT_CONVERSION = YES;
				CLANG_WARN_DEPRECATED_OBJC_IMPLEMENTATIONS = YES;
				CLANG_WARN_DIRECT_OBJC_ISA_USAGE = YES_ERROR;
				CLANG_WARN_DOCUMENTATION_COMMENTS = YES;
				CLANG_WARN_EMPTY_BODY = YES;
				CLANG_WARN_ENUM_CONVERSION = YES;
				CLANG_WARN_INFINITE_RECURSION = YES;
				CLANG_WARN_INT_CONVERSION = YES;
				CLANG_WARN_NON_LITERAL_NULL_CONVERSION = YES;
				CLANG_WARN_OBJC_IMPLICIT_RETAIN_SELF = YES;
				CLANG_WARN_OBJC_LITERAL_CONVERSION = YES;
				CLANG_WARN_OBJC_ROOT_CLASS = YES_ERROR;
				CLANG_WARN_QUOTED_INCLUDE_IN_FRAMEWORK_HEADER = YES;
				CLANG_WARN_RANGE_LOOP_ANALYSIS = YES;
				CLANG_WARN_STRICT_PROTOTYPES = YES;
				CLANG_WARN_SUSPICIOUS_MOVE = YES;
				CLANG_WARN_UNGUARDED_AVAILABILITY = YES_AGGRESSIVE;
				CLANG_WARN_UNREACHABLE_CODE = YES;
				CLANG_WARN__DUPLICATE_METHOD_MATCH = YES;
				COPY_PHASE_STRIP = NO;
				DEBUG_INFORMATION_FORMAT = dwarf;
				ENABLE_STRICT_OBJC_MSGSEND = YES;
				ENABLE_TESTABILITY = YES;
				GCC_C_LANGUAGE_STANDARD = gnu11;
				GCC_DYNAMIC_NO_PIC = NO;
				GCC_NO_COMMON_BLOCKS = YES;
				GCC_OPTIMIZATION_LEVEL = 0;
				GCC_PREPROCESSOR_DEFINITIONS = (
					"DEBUG=1",
					"$(inherited)",
				);
				GCC_WARN_64_TO_32_BIT_CONVERSION = YES;
				GCC_WARN_ABOUT_RETURN_TYPE = YES_ERROR;
				GCC_WARN_UNDECLARED_SELECTOR = YES;
				GCC_WARN_UNINITIALIZED_AUTOS = YES_AGGRESSIVE;
				GCC_WARN_UNUSED_FUNCTION = YES;
				GCC_WARN_UNUSED_VARIABLE = YES;
				IPHONEOS_DEPLOYMENT_TARGET = 16.2;
				MTL_ENABLE_DEBUG_INFO = INCLUDE_SOURCE;
				MTL_FAST_MATH = YES;
				ONLY_ACTIVE_ARCH = YES;
				SDKROOT = iphoneos;
				SWIFT_ACTIVE_COMPILATION_CONDITIONS = DEBUG;
				SWIFT_OPTIMIZATION_LEVEL = "-Onone";
			};
			name = Debug;
		};
		30A392152999F57000D0004D /* Release */ = {
			isa = XCBuildConfiguration;
			buildSettings = {
				ALWAYS_SEARCH_USER_PATHS = NO;
				CLANG_ANALYZER_NONNULL = YES;
				CLANG_ANALYZER_NUMBER_OBJECT_CONVERSION = YES_AGGRESSIVE;
				CLANG_CXX_LANGUAGE_STANDARD = "gnu++20";
				CLANG_ENABLE_MODULES = YES;
				CLANG_ENABLE_OBJC_ARC = YES;
				CLANG_ENABLE_OBJC_WEAK = YES;
				CLANG_WARN_BLOCK_CAPTURE_AUTORELEASING = YES;
				CLANG_WARN_BOOL_CONVERSION = YES;
				CLANG_WARN_COMMA = YES;
				CLANG_WARN_CONSTANT_CONVERSION = YES;
				CLANG_WARN_DEPRECATED_OBJC_IMPLEMENTATIONS = YES;
				CLANG_WARN_DIRECT_OBJC_ISA_USAGE = YES_ERROR;
				CLANG_WARN_DOCUMENTATION_COMMENTS = YES;
				CLANG_WARN_EMPTY_BODY = YES;
				CLANG_WARN_ENUM_CONVERSION = YES;
				CLANG_WARN_INFINITE_RECURSION = YES;
				CLANG_WARN_INT_CONVERSION = YES;
				CLANG_WARN_NON_LITERAL_NULL_CONVERSION = YES;
				CLANG_WARN_OBJC_IMPLICIT_RETAIN_SELF = YES;
				CLANG_WARN_OBJC_LITERAL_CONVERSION = YES;
				CLANG_WARN_OBJC_ROOT_CLASS = YES_ERROR;
				CLANG_WARN_QUOTED_INCLUDE_IN_FRAMEWORK_HEADER = YES;
				CLANG_WARN_RANGE_LOOP_ANALYSIS = YES;
				CLANG_WARN_STRICT_PROTOTYPES = YES;
				CLANG_WARN_SUSPICIOUS_MOVE = YES;
				CLANG_WARN_UNGUARDED_AVAILABILITY = YES_AGGRESSIVE;
				CLANG_WARN_UNREACHABLE_CODE = YES;
				CLANG_WARN__DUPLICATE_METHOD_MATCH = YES;
				COPY_PHASE_STRIP = NO;
				DEBUG_INFORMATION_FORMAT = "dwarf-with-dsym";
				ENABLE_NS_ASSERTIONS = NO;
				ENABLE_STRICT_OBJC_MSGSEND = YES;
				GCC_C_LANGUAGE_STANDARD = gnu11;
				GCC_NO_COMMON_BLOCKS = YES;
				GCC_WARN_64_TO_32_BIT_CONVERSION = YES;
				GCC_WARN_ABOUT_RETURN_TYPE = YES_ERROR;
				GCC_WARN_UNDECLARED_SELECTOR = YES;
				GCC_WARN_UNINITIALIZED_AUTOS = YES_AGGRESSIVE;
				GCC_WARN_UNUSED_FUNCTION = YES;
				GCC_WARN_UNUSED_VARIABLE = YES;
				IPHONEOS_DEPLOYMENT_TARGET = 16.2;
				MTL_ENABLE_DEBUG_INFO = NO;
				MTL_FAST_MATH = YES;
				SDKROOT = iphoneos;
				SWIFT_COMPILATION_MODE = wholemodule;
				SWIFT_OPTIMIZATION_LEVEL = "-O";
				VALIDATE_PRODUCT = YES;
			};
			name = Release;
		};
		30A392172999F57000D0004D /* Debug */ = {
			isa = XCBuildConfiguration;
			buildSettings = {
				ASSETCATALOG_COMPILER_APPICON_NAME = AppIcon;
				ASSETCATALOG_COMPILER_GLOBAL_ACCENT_COLOR_NAME = AccentColor;
				CODE_SIGN_STYLE = Automatic;
				CURRENT_PROJECT_VERSION = 1;
				DEVELOPMENT_ASSET_PATHS = "\"Landmarks/Preview Content\"";
				DEVELOPMENT_TEAM = DTZ9VMVYZ8;
				ENABLE_PREVIEWS = YES;
				GENERATE_INFOPLIST_FILE = YES;
				INFOPLIST_KEY_UIApplicationSceneManifest_Generation = YES;
				INFOPLIST_KEY_UIApplicationSupportsIndirectInputEvents = YES;
				INFOPLIST_KEY_UILaunchScreen_Generation = YES;
				INFOPLIST_KEY_UISupportedInterfaceOrientations_iPad = "UIInterfaceOrientationPortrait UIInterfaceOrientationPortraitUpsideDown UIInterfaceOrientationLandscapeLeft UIInterfaceOrientationLandscapeRight";
				INFOPLIST_KEY_UISupportedInterfaceOrientations_iPhone = "UIInterfaceOrientationPortrait UIInterfaceOrientationLandscapeLeft UIInterfaceOrientationLandscapeRight";
				LD_RUNPATH_SEARCH_PATHS = (
					"$(inherited)",
					"@executable_path/Frameworks",
				);
				MARKETING_VERSION = 1.0;
				PRODUCT_BUNDLE_IDENTIFIER = com.kahbyte.Landmarks;
				PRODUCT_NAME = "$(TARGET_NAME)";
				SWIFT_EMIT_LOC_STRINGS = YES;
				SWIFT_VERSION = 5.0;
				TARGETED_DEVICE_FAMILY = "1,2";
			};
			name = Debug;
		};
		30A392182999F57000D0004D /* Release */ = {
			isa = XCBuildConfiguration;
			buildSettings = {
				ASSETCATALOG_COMPILER_APPICON_NAME = AppIcon;
				ASSETCATALOG_COMPILER_GLOBAL_ACCENT_COLOR_NAME = AccentColor;
				CODE_SIGN_STYLE = Automatic;
				CURRENT_PROJECT_VERSION = 1;
				DEVELOPMENT_ASSET_PATHS = "\"Landmarks/Preview Content\"";
				DEVELOPMENT_TEAM = DTZ9VMVYZ8;
				ENABLE_PREVIEWS = YES;
				GENERATE_INFOPLIST_FILE = YES;
				INFOPLIST_KEY_UIApplicationSceneManifest_Generation = YES;
				INFOPLIST_KEY_UIApplicationSupportsIndirectInputEvents = YES;
				INFOPLIST_KEY_UILaunchScreen_Generation = YES;
				INFOPLIST_KEY_UISupportedInterfaceOrientations_iPad = "UIInterfaceOrientationPortrait UIInterfaceOrientationPortraitUpsideDown UIInterfaceOrientationLandscapeLeft UIInterfaceOrientationLandscapeRight";
				INFOPLIST_KEY_UISupportedInterfaceOrientations_iPhone = "UIInterfaceOrientationPortrait UIInterfaceOrientationLandscapeLeft UIInterfaceOrientationLandscapeRight";
				LD_RUNPATH_SEARCH_PATHS = (
					"$(inherited)",
					"@executable_path/Frameworks",
				);
				MARKETING_VERSION = 1.0;
				PRODUCT_BUNDLE_IDENTIFIER = com.kahbyte.Landmarks;
				PRODUCT_NAME = "$(TARGET_NAME)";
				SWIFT_EMIT_LOC_STRINGS = YES;
				SWIFT_VERSION = 5.0;
				TARGETED_DEVICE_FAMILY = "1,2";
			};
			name = Release;
		};
/* End XCBuildConfiguration section */

/* Begin XCConfigurationList section */
		30A392032999F56E00D0004D /* Build configuration list for PBXProject "Landmarks" */ = {
			isa = XCConfigurationList;
			buildConfigurations = (
				30A392142999F57000D0004D /* Debug */,
				30A392152999F57000D0004D /* Release */,
			);
			defaultConfigurationIsVisible = 0;
			defaultConfigurationName = Release;
		};
		30A392162999F57000D0004D /* Build configuration list for PBXNativeTarget "Landmarks" */ = {
			isa = XCConfigurationList;
			buildConfigurations = (
				30A392172999F57000D0004D /* Debug */,
				30A392182999F57000D0004D /* Release */,
			);
			defaultConfigurationIsVisible = 0;
			defaultConfigurationName = Release;
		};
/* End XCConfigurationList section */
	};
	rootObject = 30A392002999F56E00D0004D /* Project object */;
}
